
Microsoft Visual Studio Solution File, Format Version 12.00
# Visual Studio Version 17
VisualStudioVersion = 17.10.35004.147
MinimumVisualStudioVersion = 10.0.40219.1
Project("{2150E333-8FDC-42A3-9474-1A3956D46DE8}") = "API", "API", "{1C122DF0-4645-44F3-B42D-BD2EE7019CBA}"
EndProject
Project("{2150E333-8FDC-42A3-9474-1A3956D46DE8}") = "Core", "Core", "{A0254198-4F27-40B4-8A6C-1E7244D88EF2}"
EndProject
Project("{2150E333-8FDC-42A3-9474-1A3956D46DE8}") = "Infrastructure", "Infrastructure", "{48DB0C90-00B3-43B1-969C-F3214BB9B999}"
EndProject
Project("{2150E333-8FDC-42A3-9474-1A3956D46DE8}") = "UI", "UI", "{0F74675B-695C-48F1-A8AB-BCC10E0BA215}"
EndProject
Project("{9A19103F-16F7-4668-BE54-9A1E7A4F7556}") = "TaskManagement.Domain", "TaskManagement.Domain\TaskManagement.Domain.csproj", "{5CAC8260-8188-4AE9-9917-A26CE84163F0}"
EndProject
Project("{9A19103F-16F7-4668-BE54-9A1E7A4F7556}") = "TaskManagement.Application", "TaskManagement.Application\TaskManagement.Application.csproj", "{9377FCBD-2FD7-4B11-9217-C62A68FF41AE}"
EndProject
Project("{9A19103F-16F7-4668-BE54-9A1E7A4F7556}") = "TaskManagement.Persistance", "TaskManagement.Persistance\TaskManagement.Persistance.csproj", "{AAEEFCF5-A46E-4591-8776-937A1BE405B5}"
EndProject
Project("{9A19103F-16F7-4668-BE54-9A1E7A4F7556}") = "TaskManagement.API", "TaskManagement.API\TaskManagement.API.csproj", "{E155A7F3-42C4-4650-87DC-8FD8B77565AE}"
EndProject
Project("{54A90642-561A-4BB1-A94E-469ADEE60C69}") = "TaskManagement.Web", "TaskManagement.Web\TaskManagement.Web.esproj", "{516FDC90-1106-4D20-87FD-D9CA27D1DFCF}"
EndProject
Global
	GlobalSection(SolutionConfigurationPlatforms) = preSolution
		Debug|Any CPU = Debug|Any CPU
		Release|Any CPU = Release|Any CPU
	EndGlobalSection
	GlobalSection(ProjectConfigurationPlatforms) = postSolution
		{5CAC8260-8188-4AE9-9917-A26CE84163F0}.Debug|Any CPU.ActiveCfg = Debug|Any CPU
		{5CAC8260-8188-4AE9-9917-A26CE84163F0}.Debug|Any CPU.Build.0 = Debug|Any CPU
		{5CAC8260-8188-4AE9-9917-A26CE84163F0}.Release|Any CPU.ActiveCfg = Release|Any CPU
		{5CAC8260-8188-4AE9-9917-A26CE84163F0}.Release|Any CPU.Build.0 = Release|Any CPU
		{9377FCBD-2FD7-4B11-9217-C62A68FF41AE}.Debug|Any CPU.ActiveCfg = Debug|Any CPU
		{9377FCBD-2FD7-4B11-9217-C62A68FF41AE}.Debug|Any CPU.Build.0 = Debug|Any CPU
		{9377FCBD-2FD7-4B11-9217-C62A68FF41AE}.Release|Any CPU.ActiveCfg = Release|Any CPU
		{9377FCBD-2FD7-4B11-9217-C62A68FF41AE}.Release|Any CPU.Build.0 = Release|Any CPU
		{AAEEFCF5-A46E-4591-8776-937A1BE405B5}.Debug|Any CPU.ActiveCfg = Debug|Any CPU
		{AAEEFCF5-A46E-4591-8776-937A1BE405B5}.Debug|Any CPU.Build.0 = Debug|Any CPU
		{AAEEFCF5-A46E-4591-8776-937A1BE405B5}.Release|Any CPU.ActiveCfg = Release|Any CPU
		{AAEEFCF5-A46E-4591-8776-937A1BE405B5}.Release|Any CPU.Build.0 = Release|Any CPU
		{E155A7F3-42C4-4650-87DC-8FD8B77565AE}.Debug|Any CPU.ActiveCfg = Debug|Any CPU
		{E155A7F3-42C4-4650-87DC-8FD8B77565AE}.Debug|Any CPU.Build.0 = Debug|Any CPU
		{E155A7F3-42C4-4650-87DC-8FD8B77565AE}.Release|Any CPU.ActiveCfg = Release|Any CPU
		{E155A7F3-42C4-4650-87DC-8FD8B77565AE}.Release|Any CPU.Build.0 = Release|Any CPU
		{516FDC90-1106-4D20-87FD-D9CA27D1DFCF}.Debug|Any CPU.ActiveCfg = Debug|Any CPU
		{516FDC90-1106-4D20-87FD-D9CA27D1DFCF}.Debug|Any CPU.Build.0 = Debug|Any CPU
		{516FDC90-1106-4D20-87FD-D9CA27D1DFCF}.Debug|Any CPU.Deploy.0 = Debug|Any CPU
		{516FDC90-1106-4D20-87FD-D9CA27D1DFCF}.Release|Any CPU.ActiveCfg = Release|Any CPU
		{516FDC90-1106-4D20-87FD-D9CA27D1DFCF}.Release|Any CPU.Build.0 = Release|Any CPU
		{516FDC90-1106-4D20-87FD-D9CA27D1DFCF}.Release|Any CPU.Deploy.0 = Release|Any CPU
	EndGlobalSection
	GlobalSection(SolutionProperties) = preSolution
		HideSolutionNode = FALSE
	EndGlobalSection
	GlobalSection(NestedProjects) = preSolution
		{5CAC8260-8188-4AE9-9917-A26CE84163F0} = {A0254198-4F27-40B4-8A6C-1E7244D88EF2}
		{9377FCBD-2FD7-4B11-9217-C62A68FF41AE} = {A0254198-4F27-40B4-8A6C-1E7244D88EF2}
		{AAEEFCF5-A46E-4591-8776-937A1BE405B5} = {48DB0C90-00B3-43B1-969C-F3214BB9B999}
		{E155A7F3-42C4-4650-87DC-8FD8B77565AE} = {1C122DF0-4645-44F3-B42D-BD2EE7019CBA}
		{516FDC90-1106-4D20-87FD-D9CA27D1DFCF} = {0F74675B-695C-48F1-A8AB-BCC10E0BA215}
	EndGlobalSection
	GlobalSection(ExtensibilityGlobals) = postSolution
		SolutionGuid = {3A7D518A-1867-4922-8B2C-05DE3F45B5EE}
	EndGlobalSection
EndGlobal
